{
  "version": 1,
  "dependencies": {
    ".NETFramework,Version=v4.7.2": {
      "Microsoft.VSSDK.BuildTools": {
        "type": "Direct",
        "requested": "[16.8.3038, )",
        "resolved": "16.8.3038",
        "contentHash": "o50FG7fmzq7PCCoPWvBvqbDsr+fG6wfeKxJ12Ec0vsa34l7wOasP7+ENnlxbXCrGpl/QNOv6hL0QAUngNRS2IA==",
        "dependencies": {
          "Microsoft.VisualStudio.SDK.Analyzers": "15.8.33"
        }
      },
      "Microsoft.CodeAnalysis.Analyzers": {
        "type": "Transitive",
        "resolved": "2.9.8",
        "contentHash": "7ZFIPFQRcL9VEkhm2v7bsIV5Klz/NwvLzhzB/1bEXjvsuTiQA3I9vSS9DOQOMt+iGhT6jxa+djBc6PmSXgIvNw=="
      },
      "Microsoft.CodeAnalysis.Common": {
        "type": "Transitive",
        "resolved": "3.3.1",
        "contentHash": "N5yQdGy+M4kimVG7hwCeGTCfgYjK2o5b/Shumkb/rCC+/SAkvP1HUAYK+vxPFS7dLJNtXLRsmPHKj3fnyNWnrw==",
        "dependencies": {
          "Microsoft.CodeAnalysis.Analyzers": "2.9.4",
          "System.Collections.Immutable": "1.5.0",
          "System.Memory": "4.5.3",
          "System.Reflection.Metadata": "1.6.0",
          "System.Runtime.CompilerServices.Unsafe": "4.5.2",
          "System.Text.Encoding.CodePages": "4.5.1",
          "System.Threading.Tasks.Extensions": "4.5.3"
        }
      },
      "Microsoft.CodeAnalysis.CSharp": {
        "type": "Transitive",
        "resolved": "3.3.1",
        "contentHash": "WDUIhTHem38H6VJ98x2Ssq0fweakJHnHYl7vbG8ARnsAwLoJKCQCy78EeY1oRrCKG42j0v6JVljKkeqSDA28UA==",
        "dependencies": {
          "Microsoft.CodeAnalysis.Common": "[3.3.1]"
        }
      },
      "Microsoft.CodeAnalysis.CSharp.Workspaces": {
        "type": "Transitive",
        "resolved": "3.3.1",
        "contentHash": "dHs/UyfLgzsVC4FjTi/x+H+yQifgOnpe3rSN8GwkHWjnidePZ3kSqr1JHmFDf5HTQEydYwrwCAfQ0JSzhsEqDA==",
        "dependencies": {
          "Microsoft.CodeAnalysis.CSharp": "[3.3.1]",
          "Microsoft.CodeAnalysis.Common": "[3.3.1]",
          "Microsoft.CodeAnalysis.Workspaces.Common": "[3.3.1]"
        }
      },
      "Microsoft.CodeAnalysis.Workspaces.Common": {
        "type": "Transitive",
        "resolved": "3.3.1",
        "contentHash": "NfBz3b5hFSbO+7xsCNryD+p8axsIJFTG7qM3jvMTC/MqYrU6b8E1b6JoRj5rJSOBB+pSunk+CMqyGQTOWHeDUg==",
        "dependencies": {
          "Microsoft.CodeAnalysis.Common": "[3.3.1]",
          "System.Composition": "1.0.31"
        }
      },
      "Microsoft.VisualStudio.SDK.Analyzers": {
        "type": "Transitive",
        "resolved": "15.8.33",
        "contentHash": "5rP5FqdiHID6AtB7m8LNQKXnjTFCErAtazW8gqY4z27kTp+K6S6ZMzBME7hryOCSo2laogjjL1GWp2bUaJZqRw==",
        "dependencies": {
          "Microsoft.VisualStudio.Threading.Analyzers": "15.8.122"
        }
      },
      "Microsoft.VisualStudio.Threading.Analyzers": {
        "type": "Transitive",
        "resolved": "15.8.122",
        "contentHash": "1gu3LopB8nLiomlMGx6Y8Glb+rwABHpksdpNH1X9/GGp6uJvnHAUZWsFUQz8sAuu1CKcQagJcSOUt4bb4pOFKg=="
      },
      "System.Buffers": {
        "type": "Transitive",
        "resolved": "4.4.0",
        "contentHash": "AwarXzzoDwX6BgrhjoJsk6tUezZEozOT5Y9QKF94Gl4JK91I4PIIBkBco9068Y9/Dra8Dkbie99kXB8+1BaYKw=="
      },
      "System.Collections.Immutable": {
        "type": "Transitive",
        "resolved": "1.5.0",
        "contentHash": "EXKiDFsChZW0RjrZ4FYHu9aW6+P4MCgEDCklsVseRfhoO0F+dXeMSsMRAlVXIo06kGJ/zv+2w1a2uc2+kxxSaQ=="
      },
      "System.Composition": {
        "type": "Transitive",
        "resolved": "1.0.31",
        "contentHash": "I+D26qpYdoklyAVUdqwUBrEIckMNjAYnuPJy/h9dsQItpQwVREkDFs4b4tkBza0kT2Yk48Lcfsv2QQ9hWsh9Iw==",
        "dependencies": {
          "System.Composition.AttributedModel": "1.0.31",
          "System.Composition.Convention": "1.0.31",
          "System.Composition.Hosting": "1.0.31",
          "System.Composition.Runtime": "1.0.31",
          "System.Composition.TypedParts": "1.0.31"
        }
      },
      "System.Composition.AttributedModel": {
        "type": "Transitive",
        "resolved": "1.0.31",
        "contentHash": "NHWhkM3ZkspmA0XJEsKdtTt1ViDYuojgSND3yHhTzwxepiwqZf+BCWuvCbjUt4fe0NxxQhUDGJ5km6sLjo9qnQ=="
      },
      "System.Composition.Convention": {
        "type": "Transitive",
        "resolved": "1.0.31",
        "contentHash": "GLjh2Ju71k6C0qxMMtl4efHa68NmWeIUYh4fkUI8xbjQrEBvFmRwMDFcylT8/PR9SQbeeL48IkFxU/+gd0nYEQ==",
        "dependencies": {
          "System.Composition.AttributedModel": "1.0.31"
        }
      },
      "System.Composition.Hosting": {
        "type": "Transitive",
        "resolved": "1.0.31",
        "contentHash": "fN1bT4RX4vUqjbgoyuJFVUizAl2mYF5VAb+bVIxIYZSSc0BdnX+yGAxcavxJuDDCQ1K+/mdpgyEFc8e9ikjvrg==",
        "dependencies": {
          "System.Composition.Runtime": "1.0.31"
        }
      },
      "System.Composition.Runtime": {
        "type": "Transitive",
        "resolved": "1.0.31",
        "contentHash": "0LEJN+2NVM89CE4SekDrrk5tHV5LeATltkp+9WNYrR+Huiyt0vaCqHbbHtVAjPyeLWIc8dOz/3kthRBj32wGQg=="
      },
      "System.Composition.TypedParts": {
        "type": "Transitive",
        "resolved": "1.0.31",
        "contentHash": "0Zae/FtzeFgDBBuILeIbC/T9HMYbW4olAmi8XqqAGosSOWvXfiQLfARZEhiGd0LVXaYgXr0NhxiU1LldRP1fpQ==",
        "dependencies": {
          "System.Composition.AttributedModel": "1.0.31",
          "System.Composition.Hosting": "1.0.31",
          "System.Composition.Runtime": "1.0.31"
        }
      },
      "System.Memory": {
        "type": "Transitive",
        "resolved": "4.5.3",
        "contentHash": "3oDzvc/zzetpTKWMShs1AADwZjQ/36HnsufHRPcOjyRAAMLDlu2iD33MBI2opxnezcVUtXyqDXXjoFMOU9c7SA==",
        "dependencies": {
          "System.Buffers": "4.4.0",
          "System.Numerics.Vectors": "4.4.0",
          "System.Runtime.CompilerServices.Unsafe": "4.5.2"
        }
      },
      "System.Numerics.Vectors": {
        "type": "Transitive",
        "resolved": "4.4.0",
        "contentHash": "UiLzLW+Lw6HLed1Hcg+8jSRttrbuXv7DANVj0DkL9g6EnnzbL75EB7EWsw5uRbhxd/4YdG8li5XizGWepmG3PQ=="
      },
      "System.Reflection.Metadata": {
        "type": "Transitive",
        "resolved": "1.6.0",
        "contentHash": "COC1aiAJjCoA5GBF+QKL2uLqEBew4JsCkQmoHKbN3TlOZKa2fKLz5CpiRQKDz0RsAOEGsVKqOD5bomsXq/4STQ==",
        "dependencies": {
          "System.Collections.Immutable": "1.5.0"
        }
      },
      "System.Runtime.CompilerServices.Unsafe": {
        "type": "Transitive",
        "resolved": "4.5.2",
        "contentHash": "wprSFgext8cwqymChhrBLu62LMg/1u92bU+VOwyfBimSPVFXtsNqEWC92Pf9ofzJFlk4IHmJA75EDJn1b2goAQ=="
      },
      "System.Text.Encoding.CodePages": {
        "type": "Transitive",
        "resolved": "4.5.1",
        "contentHash": "4J2JQXbftjPMppIHJ7IC+VXQ9XfEagN92vZZNoG12i+zReYlim5dMoXFC1Zzg7tsnKDM7JPo5bYfFK4Jheq44w==",
        "dependencies": {
          "System.Runtime.CompilerServices.Unsafe": "4.5.2"
        }
      },
      "System.Threading.Tasks.Extensions": {
        "type": "Transitive",
        "resolved": "4.5.3",
        "contentHash": "+MvhNtcvIbqmhANyKu91jQnvIRVSTiaOiFNfKWwXGHG48YAb4I/TyH8spsySiPYla7gKal5ZnF3teJqZAximyQ==",
        "dependencies": {
          "System.Runtime.CompilerServices.Unsafe": "4.5.2"
        }
      },
      "*Analyzer_Documentation.csproj*": {
        "type": "Project",
        "dependencies": {
          "Microsoft.CodeAnalysis.Analyzers": "[2.9.8, )",
          "Microsoft.CodeAnalysis.CSharp": "[3.3.1, )"
        }
      },
      "analyzer_documentation.codefixes": {
        "type": "Project",
        "dependencies": {
          "*Analyzer_Documentation.csproj*": "[1.0.0, )",
          "Microsoft.CodeAnalysis.CSharp.Workspaces": "[3.3.1, )"
        }
      }
    }
  }
}